
Microsoft Visual Studio Solution File, Format Version 12.00
# Visual Studio Version 17
VisualStudioVersion = 17.4.33213.308
MinimumVisualStudioVersion = 10.0.40219.1
Project("{8BC9CEB8-8B4A-11D0-8D11-00A0C91BC942}") = "Week3-Sec3", "Week3-Sec3\Week3-Sec3.vcxproj", "{78797465-8599-48A7-B8B2-74E1D30FA02B}"
EndProject
Project("{8BC9CEB8-8B4A-11D0-8D11-00A0C91BC942}") = "PublicAndPrivate", "ClassesAndObjects\ClassesAndObjects.vcxproj", "{1728C4FB-AC75-41FF-A829-C2BE81568246}"
EndProject
Project("{8BC9CEB8-8B4A-11D0-8D11-00A0C91BC942}") = "Classes", "Classes\Classes.vcxproj", "{46A849F5-B602-4F03-A2B9-EAF2D168E5FB}"
EndProject
Project("{8BC9CEB8-8B4A-11D0-8D11-00A0C91BC942}") = "Constructors", "Constructors\Constructors.vcxproj", "{24995568-CA71-4CBF-83A2-C6C84B44D9C4}"
EndProject
Global
	GlobalSection(SolutionConfigurationPlatforms) = preSolution
		Debug|x64 = Debug|x64
		Debug|x86 = Debug|x86
		Release|x64 = Release|x64
		Release|x86 = Release|x86
	EndGlobalSection
	GlobalSection(ProjectConfigurationPlatforms) = postSolution
		{78797465-8599-48A7-B8B2-74E1D30FA02B}.Debug|x64.ActiveCfg = Debug|x64
		{78797465-8599-48A7-B8B2-74E1D30FA02B}.Debug|x64.Build.0 = Debug|x64
		{78797465-8599-48A7-B8B2-74E1D30FA02B}.Debug|x86.ActiveCfg = Debug|Win32
		{78797465-8599-48A7-B8B2-74E1D30FA02B}.Debug|x86.Build.0 = Debug|Win32
		{78797465-8599-48A7-B8B2-74E1D30FA02B}.Release|x64.ActiveCfg = Release|x64
		{78797465-8599-48A7-B8B2-74E1D30FA02B}.Release|x64.Build.0 = Release|x64
		{78797465-8599-48A7-B8B2-74E1D30FA02B}.Release|x86.ActiveCfg = Release|Win32
		{78797465-8599-48A7-B8B2-74E1D30FA02B}.Release|x86.Build.0 = Release|Win32
		{1728C4FB-AC75-41FF-A829-C2BE81568246}.Debug|x64.ActiveCfg = Debug|x64
		{1728C4FB-AC75-41FF-A829-C2BE81568246}.Debug|x64.Build.0 = Debug|x64
		{1728C4FB-AC75-41FF-A829-C2BE81568246}.Debug|x86.ActiveCfg = Debug|Win32
		{1728C4FB-AC75-41FF-A829-C2BE81568246}.Debug|x86.Build.0 = Debug|Win32
		{1728C4FB-AC75-41FF-A829-C2BE81568246}.Release|x64.ActiveCfg = Release|x64
		{1728C4FB-AC75-41FF-A829-C2BE81568246}.Release|x64.Build.0 = Release|x64
		{1728C4FB-AC75-41FF-A829-C2BE81568246}.Release|x86.ActiveCfg = Release|Win32
		{1728C4FB-AC75-41FF-A829-C2BE81568246}.Release|x86.Build.0 = Release|Win32
		{46A849F5-B602-4F03-A2B9-EAF2D168E5FB}.Debug|x64.ActiveCfg = Debug|x64
		{46A849F5-B602-4F03-A2B9-EAF2D168E5FB}.Debug|x64.Build.0 = Debug|x64
		{46A849F5-B602-4F03-A2B9-EAF2D168E5FB}.Debug|x86.ActiveCfg = Debug|Win32
		{46A849F5-B602-4F03-A2B9-EAF2D168E5FB}.Debug|x86.Build.0 = Debug|Win32
		{46A849F5-B602-4F03-A2B9-EAF2D168E5FB}.Release|x64.ActiveCfg = Release|x64
		{46A849F5-B602-4F03-A2B9-EAF2D168E5FB}.Release|x64.Build.0 = Release|x64
		{46A849F5-B602-4F03-A2B9-EAF2D168E5FB}.Release|x86.ActiveCfg = Release|Win32
		{46A849F5-B602-4F03-A2B9-EAF2D168E5FB}.Release|x86.Build.0 = Release|Win32
		{24995568-CA71-4CBF-83A2-C6C84B44D9C4}.Debug|x64.ActiveCfg = Debug|x64
		{24995568-CA71-4CBF-83A2-C6C84B44D9C4}.Debug|x64.Build.0 = Debug|x64
		{24995568-CA71-4CBF-83A2-C6C84B44D9C4}.Debug|x86.ActiveCfg = Debug|Win32
		{24995568-CA71-4CBF-83A2-C6C84B44D9C4}.Debug|x86.Build.0 = Debug|Win32
		{24995568-CA71-4CBF-83A2-C6C84B44D9C4}.Release|x64.ActiveCfg = Release|x64
		{24995568-CA71-4CBF-83A2-C6C84B44D9C4}.Release|x64.Build.0 = Release|x64
		{24995568-CA71-4CBF-83A2-C6C84B44D9C4}.Release|x86.ActiveCfg = Release|Win32
		{24995568-CA71-4CBF-83A2-C6C84B44D9C4}.Release|x86.Build.0 = Release|Win32
	EndGlobalSection
	GlobalSection(SolutionProperties) = preSolution
		HideSolutionNode = FALSE
	EndGlobalSection
	GlobalSection(ExtensibilityGlobals) = postSolution
		SolutionGuid = {AFEC1B13-77B8-4B24-9BD9-64C20305E885}
	EndGlobalSection
EndGlobal
